
Microsoft Visual Studio Solution File, Format Version 12.00
# Visual Studio Version 17
VisualStudioVersion = 17.6.33815.320
MinimumVisualStudioVersion = 10.0.40219.1
Project("{FAE04EC0-301F-11D3-BF4B-00C04F79EFBC}") = "UploadFilesApp", "UploadFilesApp\UploadFilesApp.csproj", "{1A7CAA7D-D99B-4BA8-AABD-8E7669C22D28}"
EndProject
Global
	GlobalSection(SolutionConfigurationPlatforms) = preSolution
		Debug|Any CPU = Debug|Any CPU
		Release|Any CPU = Release|Any CPU
	EndGlobalSection
	GlobalSection(ProjectConfigurationPlatforms) = postSolution
		{1A7CAA7D-D99B-4BA8-AABD-8E7669C22D28}.Debug|Any CPU.ActiveCfg = Debug|Any CPU
		{1A7CAA7D-D99B-4BA8-AABD-8E7669C22D28}.Debug|Any CPU.Build.0 = Debug|Any CPU
		{1A7CAA7D-D99B-4BA8-AABD-8E7669C22D28}.Release|Any CPU.ActiveCfg = Release|Any CPU
		{1A7CAA7D-D99B-4BA8-AABD-8E7669C22D28}.Release|Any CPU.Build.0 = Release|Any CPU
	EndGlobalSection
	GlobalSection(SolutionProperties) = preSolution
		HideSolutionNode = FALSE
	EndGlobalSection
	GlobalSection(ExtensibilityGlobals) = postSolution
		SolutionGuid = {27B9EBA3-E7D4-40DE-87E9-8A5932847B51}
	EndGlobalSection
EndGlobal
